
Microsoft Visual Studio Solution File, Format Version 12.00
# Visual Studio Version 16
VisualStudioVersion = 16.0.29201.188
MinimumVisualStudioVersion = 10.0.40219.1
Project("{FAE04EC0-301F-11D3-BF4B-00C04F79EFBC}") = "TiffinMgmtSystem", "TiffinMgmtSystem\TiffinMgmtSystem.csproj", "{B17B07BB-25F9-4595-8A1C-55D95838FB2E}"
EndProject
Global
	GlobalSection(SolutionConfigurationPlatforms) = preSolution
		Debug|Any CPU = Debug|Any CPU
		Release|Any CPU = Release|Any CPU
	EndGlobalSection
	GlobalSection(ProjectConfigurationPlatforms) = postSolution
		{B17B07BB-25F9-4595-8A1C-55D95838FB2E}.Debug|Any CPU.ActiveCfg = Debug|Any CPU
		{B17B07BB-25F9-4595-8A1C-55D95838FB2E}.Debug|Any CPU.Build.0 = Debug|Any CPU
		{B17B07BB-25F9-4595-8A1C-55D95838FB2E}.Release|Any CPU.ActiveCfg = Release|Any CPU
		{B17B07BB-25F9-4595-8A1C-55D95838FB2E}.Release|Any CPU.Build.0 = Release|Any CPU
	EndGlobalSection
	GlobalSection(SolutionProperties) = preSolution
		HideSolutionNode = FALSE
	EndGlobalSection
	GlobalSection(ExtensibilityGlobals) = postSolution
		SolutionGuid = {CDFA78A5-F947-46B2-84D6-2A6EAD56C95D}
	EndGlobalSection
EndGlobal
